
Microsoft Visual Studio Solution File, Format Version 12.00
# Visual Studio Version 16
VisualStudioVersion = 16.0.31729.503
MinimumVisualStudioVersion = 10.0.40219.1
Project("{FAE04EC0-301F-11D3-BF4B-00C04F79EFBC}") = "Object detect", "Object detect\Object detect.csproj", "{29CCAA12-AAF2-43B6-AD87-F680BF3FE740}"
EndProject
Global
	GlobalSection(SolutionConfigurationPlatforms) = preSolution
		Debug|Any CPU = Debug|Any CPU
		Release|Any CPU = Release|Any CPU
	EndGlobalSection
	GlobalSection(ProjectConfigurationPlatforms) = postSolution
		{29CCAA12-AAF2-43B6-AD87-F680BF3FE740}.Debug|Any CPU.ActiveCfg = Debug|Any CPU
		{29CCAA12-AAF2-43B6-AD87-F680BF3FE740}.Debug|Any CPU.Build.0 = Debug|Any CPU
		{29CCAA12-AAF2-43B6-AD87-F680BF3FE740}.Release|Any CPU.ActiveCfg = Release|Any CPU
		{29CCAA12-AAF2-43B6-AD87-F680BF3FE740}.Release|Any CPU.Build.0 = Release|Any CPU
	EndGlobalSection
	GlobalSection(SolutionProperties) = preSolution
		HideSolutionNode = FALSE
	EndGlobalSection
	GlobalSection(ExtensibilityGlobals) = postSolution
		SolutionGuid = {D1D23613-D0A6-4733-A72D-AE5A79342404}
	EndGlobalSection
EndGlobal
